
Microsoft Visual Studio Solution File, Format Version 12.00
# Visual Studio Version 17
VisualStudioVersion = 17.3.32922.545
MinimumVisualStudioVersion = 10.0.40219.1
Project("{FAE04EC0-301F-11D3-BF4B-00C04F79EFBC}") = "3лаба_Андреева", "3лаба_Андреева\3лаба_Андреева.csproj", "{862EE5D8-53B9-4601-9E26-4D3A52FCA839}"
EndProject
Global
	GlobalSection(SolutionConfigurationPlatforms) = preSolution
		Debug|Any CPU = Debug|Any CPU
		Release|Any CPU = Release|Any CPU
	EndGlobalSection
	GlobalSection(ProjectConfigurationPlatforms) = postSolution
		{862EE5D8-53B9-4601-9E26-4D3A52FCA839}.Debug|Any CPU.ActiveCfg = Debug|Any CPU
		{862EE5D8-53B9-4601-9E26-4D3A52FCA839}.Debug|Any CPU.Build.0 = Debug|Any CPU
		{862EE5D8-53B9-4601-9E26-4D3A52FCA839}.Release|Any CPU.ActiveCfg = Release|Any CPU
		{862EE5D8-53B9-4601-9E26-4D3A52FCA839}.Release|Any CPU.Build.0 = Release|Any CPU
	EndGlobalSection
	GlobalSection(SolutionProperties) = preSolution
		HideSolutionNode = FALSE
	EndGlobalSection
	GlobalSection(ExtensibilityGlobals) = postSolution
		SolutionGuid = {FDD62299-A89F-4C3C-B2FF-DCCAA857BE17}
	EndGlobalSection
EndGlobal
